// !$*UTF8*$!
{
	archiveVersion = 1;
	classes = {
	};
	objectVersion = 56;
	objects = {

/* Begin PBXBuildFile section */
		5F4E298F2B34CD7F00C3889B /* main.swift in Sources */ = {isa = PBXBuildFile; fileRef = 5F4E298E2B34CD7F00C3889B /* main.swift */; };
		5F4E29A12B34CDB100C3889B /* Race.swift in Sources */ = {isa = PBXBuildFile; fileRef = 5F4E29A02B34CDB100C3889B /* Race.swift */; };
		5F4E29A22B34CDB100C3889B /* Race.swift in Sources */ = {isa = PBXBuildFile; fileRef = 5F4E29A02B34CDB100C3889B /* Race.swift */; };
		5F4E29A42B34CF6C00C3889B /* Attempt.swift in Sources */ = {isa = PBXBuildFile; fileRef = 5F4E29A32B34CF6C00C3889B /* Attempt.swift */; };
		5F4E29A52B34CF6C00C3889B /* Attempt.swift in Sources */ = {isa = PBXBuildFile; fileRef = 5F4E29A32B34CF6C00C3889B /* Attempt.swift */; };
		5F4E29A82B34D18400C3889B /* AttemptTests.swift in Sources */ = {isa = PBXBuildFile; fileRef = 5F4E29A62B34D18400C3889B /* AttemptTests.swift */; };
		5F4E29AA2B34E3A000C3889B /* Parser.swift in Sources */ = {isa = PBXBuildFile; fileRef = 5F4E29A92B34E3A000C3889B /* Parser.swift */; };
		5F4E29AB2B34E3A000C3889B /* Parser.swift in Sources */ = {isa = PBXBuildFile; fileRef = 5F4E29A92B34E3A000C3889B /* Parser.swift */; };
		5F4E29AD2B34E3D400C3889B /* ParserTests.swift in Sources */ = {isa = PBXBuildFile; fileRef = 5F4E29AC2B34E3D400C3889B /* ParserTests.swift */; };
		5F4E29AF2B34E82C00C3889B /* input.txt in CopyFiles */ = {isa = PBXBuildFile; fileRef = 5F4E29AE2B34E82000C3889B /* input.txt */; };
/* End PBXBuildFile section */

/* Begin PBXCopyFilesBuildPhase section */
		5F4E29892B34CD7F00C3889B /* CopyFiles */ = {
			isa = PBXCopyFilesBuildPhase;
			buildActionMask = 12;
			dstPath = .;
			dstSubfolderSpec = 16;
			files = (
				5F4E29AF2B34E82C00C3889B /* input.txt in CopyFiles */,
			);
			runOnlyForDeploymentPostprocessing = 0;
		};
/* End PBXCopyFilesBuildPhase section */

/* Begin PBXFileReference section */
		5F4E298B2B34CD7F00C3889B /* Day 6 */ = {isa = PBXFileReference; explicitFileType = "compiled.mach-o.executable"; includeInIndex = 0; path = "Day 6"; sourceTree = BUILT_PRODUCTS_DIR; };
		5F4E298E2B34CD7F00C3889B /* main.swift */ = {isa = PBXFileReference; lastKnownFileType = sourcecode.swift; path = main.swift; sourceTree = "<group>"; };
		5F4E29992B34CD8C00C3889B /* Day 6 Tests.xctest */ = {isa = PBXFileReference; explicitFileType = wrapper.cfbundle; includeInIndex = 0; path = "Day 6 Tests.xctest"; sourceTree = BUILT_PRODUCTS_DIR; };
		5F4E29A02B34CDB100C3889B /* Race.swift */ = {isa = PBXFileReference; lastKnownFileType = sourcecode.swift; path = Race.swift; sourceTree = "<group>"; };
		5F4E29A32B34CF6C00C3889B /* Attempt.swift */ = {isa = PBXFileReference; lastKnownFileType = sourcecode.swift; path = Attempt.swift; sourceTree = "<group>"; };
		5F4E29A62B34D18400C3889B /* AttemptTests.swift */ = {isa = PBXFileReference; lastKnownFileType = sourcecode.swift; path = AttemptTests.swift; sourceTree = "<group>"; };
		5F4E29A92B34E3A000C3889B /* Parser.swift */ = {isa = PBXFileReference; lastKnownFileType = sourcecode.swift; path = Parser.swift; sourceTree = "<group>"; };
		5F4E29AC2B34E3D400C3889B /* ParserTests.swift */ = {isa = PBXFileReference; lastKnownFileType = sourcecode.swift; path = ParserTests.swift; sourceTree = "<group>"; };
		5F4E29AE2B34E82000C3889B /* input.txt */ = {isa = PBXFileReference; lastKnownFileType = text; path = input.txt; sourceTree = "<group>"; };
/* End PBXFileReference section */

/* Begin PBXFrameworksBuildPhase section */
		5F4E29882B34CD7F00C3889B /* Frameworks */ = {
			isa = PBXFrameworksBuildPhase;
			buildActionMask = 2147483647;
			files = (
			);
			runOnlyForDeploymentPostprocessing = 0;
		};
		5F4E29962B34CD8C00C3889B /* Frameworks */ = {
			isa = PBXFrameworksBuildPhase;
			buildActionMask = 2147483647;
			files = (
			);
			runOnlyForDeploymentPostprocessing = 0;
		};
/* End PBXFrameworksBuildPhase section */

/* Begin PBXGroup section */
		5F4E29822B34CD7F00C3889B = {
			isa = PBXGroup;
			children = (
				5F4E298D2B34CD7F00C3889B /* Day 6 */,
				5F4E299A2B34CD8C00C3889B /* Day 6 Tests */,
				5F4E298C2B34CD7F00C3889B /* Products */,
			);
			sourceTree = "<group>";
		};
		5F4E298C2B34CD7F00C3889B /* Products */ = {
			isa = PBXGroup;
			children = (
				5F4E298B2B34CD7F00C3889B /* Day 6 */,
				5F4E29992B34CD8C00C3889B /* Day 6 Tests.xctest */,
			);
			name = Products;
			sourceTree = "<group>";
		};
		5F4E298D2B34CD7F00C3889B /* Day 6 */ = {
			isa = PBXGroup;
			children = (
				5F4E298E2B34CD7F00C3889B /* main.swift */,
				5F4E29A02B34CDB100C3889B /* Race.swift */,
				5F4E29A32B34CF6C00C3889B /* Attempt.swift */,
				5F4E29A92B34E3A000C3889B /* Parser.swift */,
				5F4E29AE2B34E82000C3889B /* input.txt */,
			);
			path = "Day 6";
			sourceTree = "<group>";
		};
		5F4E299A2B34CD8C00C3889B /* Day 6 Tests */ = {
			isa = PBXGroup;
			children = (
				5F4E29A62B34D18400C3889B /* AttemptTests.swift */,
				5F4E29AC2B34E3D400C3889B /* ParserTests.swift */,
			);
			path = "Day 6 Tests";
			sourceTree = "<group>";
		};
/* End PBXGroup section */

/* Begin PBXNativeTarget section */
		5F4E298A2B34CD7F00C3889B /* Day 6 */ = {
			isa = PBXNativeTarget;
			buildConfigurationList = 5F4E29922B34CD7F00C3889B /* Build configuration list for PBXNativeTarget "Day 6" */;
			buildPhases = (
				5F4E29872B34CD7F00C3889B /* Sources */,
				5F4E29882B34CD7F00C3889B /* Frameworks */,
				5F4E29892B34CD7F00C3889B /* CopyFiles */,
			);
			buildRules = (
			);
			dependencies = (
			);
			name = "Day 6";
			productName = "Day 6";
			productReference = 5F4E298B2B34CD7F00C3889B /* Day 6 */;
			productType = "com.apple.product-type.tool";
		};
		5F4E29982B34CD8C00C3889B /* Day 6 Tests */ = {
			isa = PBXNativeTarget;
			buildConfigurationList = 5F4E299D2B34CD8C00C3889B /* Build configuration list for PBXNativeTarget "Day 6 Tests" */;
			buildPhases = (
				5F4E29952B34CD8C00C3889B /* Sources */,
				5F4E29962B34CD8C00C3889B /* Frameworks */,
				5F4E29972B34CD8C00C3889B /* Resources */,
			);
			buildRules = (
			);
			dependencies = (
			);
			name = "Day 6 Tests";
			productName = "Day 6 Tests";
			productReference = 5F4E29992B34CD8C00C3889B /* Day 6 Tests.xctest */;
			productType = "com.apple.product-type.bundle.unit-test";
		};
/* End PBXNativeTarget section */

/* Begin PBXProject section */
		5F4E29832B34CD7F00C3889B /* Project object */ = {
			isa = PBXProject;
			attributes = {
				BuildIndependentTargetsInParallel = 1;
				LastSwiftUpdateCheck = 1510;
				LastUpgradeCheck = 1510;
				TargetAttributes = {
					5F4E298A2B34CD7F00C3889B = {
						CreatedOnToolsVersion = 15.1;
					};
					5F4E29982B34CD8C00C3889B = {
						CreatedOnToolsVersion = 15.1;
						LastSwiftMigration = 1510;
					};
				};
			};
			buildConfigurationList = 5F4E29862B34CD7F00C3889B /* Build configuration list for PBXProject "Day 6" */;
			compatibilityVersion = "Xcode 14.0";
			developmentRegion = en;
			hasScannedForEncodings = 0;
			knownRegions = (
				en,
				Base,
			);
			mainGroup = 5F4E29822B34CD7F00C3889B;
			productRefGroup = 5F4E298C2B34CD7F00C3889B /* Products */;
			projectDirPath = "";
			projectRoot = "";
			targets = (
				5F4E298A2B34CD7F00C3889B /* Day 6 */,
				5F4E29982B34CD8C00C3889B /* Day 6 Tests */,
			);
		};
/* End PBXProject section */

/* Begin PBXResourcesBuildPhase section */
		5F4E29972B34CD8C00C3889B /* Resources */ = {
			isa = PBXResourcesBuildPhase;
			buildActionMask = 2147483647;
			files = (
			);
			runOnlyForDeploymentPostprocessing = 0;
		};
/* End PBXResourcesBuildPhase section */

/* Begin PBXSourcesBuildPhase section */
		5F4E29872B34CD7F00C3889B /* Sources */ = {
			isa = PBXSourcesBuildPhase;
			buildActionMask = 2147483647;
			files = (
				5F4E29AA2B34E3A000C3889B /* Parser.swift in Sources */,
				5F4E29A42B34CF6C00C3889B /* Attempt.swift in Sources */,
				5F4E29A12B34CDB100C3889B /* Race.swift in Sources */,
				5F4E298F2B34CD7F00C3889B /* main.swift in Sources */,
			);
			runOnlyForDeploymentPostprocessing = 0;
		};
		5F4E29952B34CD8C00C3889B /* Sources */ = {
			isa = PBXSourcesBuildPhase;
			buildActionMask = 2147483647;
			files = (
				5F4E29AB2B34E3A000C3889B /* Parser.swift in Sources */,
				5F4E29A22B34CDB100C3889B /* Race.swift in Sources */,
				5F4E29AD2B34E3D400C3889B /* ParserTests.swift in Sources */,
				5F4E29A52B34CF6C00C3889B /* Attempt.swift in Sources */,
				5F4E29A82B34D18400C3889B /* AttemptTests.swift in Sources */,
			);
			runOnlyForDeploymentPostprocessing = 0;
		};
/* End PBXSourcesBuildPhase section */

/* Begin XCBuildConfiguration section */
		5F4E29902B34CD7F00C3889B /* Debug */ = {
			isa = XCBuildConfiguration;
			buildSettings = {
				ALWAYS_SEARCH_USER_PATHS = NO;
				ASSETCATALOG_COMPILER_GENERATE_SWIFT_ASSET_SYMBOL_EXTENSIONS = YES;
				CLANG_ANALYZER_NONNULL = YES;
				CLANG_ANALYZER_NUMBER_OBJECT_CONVERSION = YES_AGGRESSIVE;
				CLANG_CXX_LANGUAGE_STANDARD = "gnu++20";
				CLANG_ENABLE_MODULES = YES;
				CLANG_ENABLE_OBJC_ARC = YES;
				CLANG_ENABLE_OBJC_WEAK = YES;
				CLANG_WARN_BLOCK_CAPTURE_AUTORELEASING = YES;
				CLANG_WARN_BOOL_CONVERSION = YES;
				CLANG_WARN_COMMA = YES;
				CLANG_WARN_CONSTANT_CONVERSION = YES;
				CLANG_WARN_DEPRECATED_OBJC_IMPLEMENTATIONS = YES;
				CLANG_WARN_DIRECT_OBJC_ISA_USAGE = YES_ERROR;
				CLANG_WARN_DOCUMENTATION_COMMENTS = YES;
				CLANG_WARN_EMPTY_BODY = YES;
				CLANG_WARN_ENUM_CONVERSION = YES;
				CLANG_WARN_INFINITE_RECURSION = YES;
				CLANG_WARN_INT_CONVERSION = YES;
				CLANG_WARN_NON_LITERAL_NULL_CONVERSION = YES;
				CLANG_WARN_OBJC_IMPLICIT_RETAIN_SELF = YES;
				CLANG_WARN_OBJC_LITERAL_CONVERSION = YES;
				CLANG_WARN_OBJC_ROOT_CLASS = YES_ERROR;
				CLANG_WARN_QUOTED_INCLUDE_IN_FRAMEWORK_HEADER = YES;
				CLANG_WARN_RANGE_LOOP_ANALYSIS = YES;
				CLANG_WARN_STRICT_PROTOTYPES = YES;
				CLANG_WARN_SUSPICIOUS_MOVE = YES;
				CLANG_WARN_UNGUARDED_AVAILABILITY = YES_AGGRESSIVE;
				CLANG_WARN_UNREACHABLE_CODE = YES;
				CLANG_WARN__DUPLICATE_METHOD_MATCH = YES;
				COPY_PHASE_STRIP = NO;
				DEBUG_INFORMATION_FORMAT = dwarf;
				ENABLE_STRICT_OBJC_MSGSEND = YES;
				ENABLE_TESTABILITY = YES;
				ENABLE_USER_SCRIPT_SANDBOXING = YES;
				GCC_C_LANGUAGE_STANDARD = gnu17;
				GCC_DYNAMIC_NO_PIC = NO;
				GCC_NO_COMMON_BLOCKS = YES;
				GCC_OPTIMIZATION_LEVEL = 0;
				GCC_PREPROCESSOR_DEFINITIONS = (
					"DEBUG=1",
					"$(inherited)",
				);
				GCC_WARN_64_TO_32_BIT_CONVERSION = YES;
				GCC_WARN_ABOUT_RETURN_TYPE = YES_ERROR;
				GCC_WARN_UNDECLARED_SELECTOR = YES;
				GCC_WARN_UNINITIALIZED_AUTOS = YES_AGGRESSIVE;
				GCC_WARN_UNUSED_FUNCTION = YES;
				GCC_WARN_UNUSED_VARIABLE = YES;
				LOCALIZATION_PREFERS_STRING_CATALOGS = YES;
				MACOSX_DEPLOYMENT_TARGET = 14.2;
				MTL_ENABLE_DEBUG_INFO = INCLUDE_SOURCE;
				MTL_FAST_MATH = YES;
				ONLY_ACTIVE_ARCH = YES;
				SDKROOT = macosx;
				SWIFT_ACTIVE_COMPILATION_CONDITIONS = "DEBUG $(inherited)";
				SWIFT_OPTIMIZATION_LEVEL = "-Onone";
			};
			name = Debug;
		};
		5F4E29912B34CD7F00C3889B /* Release */ = {
			isa = XCBuildConfiguration;
			buildSettings = {
				ALWAYS_SEARCH_USER_PATHS = NO;
				ASSETCATALOG_COMPILER_GENERATE_SWIFT_ASSET_SYMBOL_EXTENSIONS = YES;
				CLANG_ANALYZER_NONNULL = YES;
				CLANG_ANALYZER_NUMBER_OBJECT_CONVERSION = YES_AGGRESSIVE;
				CLANG_CXX_LANGUAGE_STANDARD = "gnu++20";
				CLANG_ENABLE_MODULES = YES;
				CLANG_ENABLE_OBJC_ARC = YES;
				CLANG_ENABLE_OBJC_WEAK = YES;
				CLANG_WARN_BLOCK_CAPTURE_AUTORELEASING = YES;
				CLANG_WARN_BOOL_CONVERSION = YES;
				CLANG_WARN_COMMA = YES;
				CLANG_WARN_CONSTANT_CONVERSION = YES;
				CLANG_WARN_DEPRECATED_OBJC_IMPLEMENTATIONS = YES;
				CLANG_WARN_DIRECT_OBJC_ISA_USAGE = YES_ERROR;
				CLANG_WARN_DOCUMENTATION_COMMENTS = YES;
				CLANG_WARN_EMPTY_BODY = YES;
				CLANG_WARN_ENUM_CONVERSION = YES;
				CLANG_WARN_INFINITE_RECURSION = YES;
				CLANG_WARN_INT_CONVERSION = YES;
				CLANG_WARN_NON_LITERAL_NULL_CONVERSION = YES;
				CLANG_WARN_OBJC_IMPLICIT_RETAIN_SELF = YES;
				CLANG_WARN_OBJC_LITERAL_CONVERSION = YES;
				CLANG_WARN_OBJC_ROOT_CLASS = YES_ERROR;
				CLANG_WARN_QUOTED_INCLUDE_IN_FRAMEWORK_HEADER = YES;
				CLANG_WARN_RANGE_LOOP_ANALYSIS = YES;
				CLANG_WARN_STRICT_PROTOTYPES = YES;
				CLANG_WARN_SUSPICIOUS_MOVE = YES;
				CLANG_WARN_UNGUARDED_AVAILABILITY = YES_AGGRESSIVE;
				CLANG_WARN_UNREACHABLE_CODE = YES;
				CLANG_WARN__DUPLICATE_METHOD_MATCH = YES;
				COPY_PHASE_STRIP = NO;
				DEBUG_INFORMATION_FORMAT = "dwarf-with-dsym";
				ENABLE_NS_ASSERTIONS = NO;
				ENABLE_STRICT_OBJC_MSGSEND = YES;
				ENABLE_USER_SCRIPT_SANDBOXING = YES;
				GCC_C_LANGUAGE_STANDARD = gnu17;
				GCC_NO_COMMON_BLOCKS = YES;
				GCC_WARN_64_TO_32_BIT_CONVERSION = YES;
				GCC_WARN_ABOUT_RETURN_TYPE = YES_ERROR;
				GCC_WARN_UNDECLARED_SELECTOR = YES;
				GCC_WARN_UNINITIALIZED_AUTOS = YES_AGGRESSIVE;
				GCC_WARN_UNUSED_FUNCTION = YES;
				GCC_WARN_UNUSED_VARIABLE = YES;
				LOCALIZATION_PREFERS_STRING_CATALOGS = YES;
				MACOSX_DEPLOYMENT_TARGET = 14.2;
				MTL_ENABLE_DEBUG_INFO = NO;
				MTL_FAST_MATH = YES;
				SDKROOT = macosx;
				SWIFT_COMPILATION_MODE = wholemodule;
			};
			name = Release;
		};
		5F4E29932B34CD7F00C3889B /* Debug */ = {
			isa = XCBuildConfiguration;
			buildSettings = {
				CODE_SIGN_STYLE = Automatic;
				DEVELOPMENT_TEAM = JCPU77PBZS;
				ENABLE_HARDENED_RUNTIME = YES;
				PRODUCT_NAME = "$(TARGET_NAME)";
				SWIFT_VERSION = 5.0;
			};
			name = Debug;
		};
		5F4E29942B34CD7F00C3889B /* Release */ = {
			isa = XCBuildConfiguration;
			buildSettings = {
				CODE_SIGN_STYLE = Automatic;
				DEVELOPMENT_TEAM = JCPU77PBZS;
				ENABLE_HARDENED_RUNTIME = YES;
				PRODUCT_NAME = "$(TARGET_NAME)";
				SWIFT_VERSION = 5.0;
			};
			name = Release;
		};
		5F4E299E2B34CD8C00C3889B /* Debug */ = {
			isa = XCBuildConfiguration;
			buildSettings = {
				CLANG_ENABLE_MODULES = YES;
				CODE_SIGN_STYLE = Automatic;
				CURRENT_PROJECT_VERSION = 1;
				DEVELOPMENT_TEAM = JCPU77PBZS;
				GENERATE_INFOPLIST_FILE = YES;
				MARKETING_VERSION = 1.0;
				PRODUCT_BUNDLE_IDENTIFIER = "me.chucker.aoc23.Day-6-Tests";
				PRODUCT_NAME = "$(TARGET_NAME)";
				SWIFT_EMIT_LOC_STRINGS = NO;
				SWIFT_OPTIMIZATION_LEVEL = "-Onone";
				SWIFT_VERSION = 5.0;
			};
			name = Debug;
		};
		5F4E299F2B34CD8C00C3889B /* Release */ = {
			isa = XCBuildConfiguration;
			buildSettings = {
				CLANG_ENABLE_MODULES = YES;
				CODE_SIGN_STYLE = Automatic;
				CURRENT_PROJECT_VERSION = 1;
				DEVELOPMENT_TEAM = JCPU77PBZS;
				GENERATE_INFOPLIST_FILE = YES;
				MARKETING_VERSION = 1.0;
				PRODUCT_BUNDLE_IDENTIFIER = "me.chucker.aoc23.Day-6-Tests";
				PRODUCT_NAME = "$(TARGET_NAME)";
				SWIFT_EMIT_LOC_STRINGS = NO;
				SWIFT_VERSION = 5.0;
			};
			name = Release;
		};
/* End XCBuildConfiguration section */

/* Begin XCConfigurationList section */
		5F4E29862B34CD7F00C3889B /* Build configuration list for PBXProject "Day 6" */ = {
			isa = XCConfigurationList;
			buildConfigurations = (
				5F4E29902B34CD7F00C3889B /* Debug */,
				5F4E29912B34CD7F00C3889B /* Release */,
			);
			defaultConfigurationIsVisible = 0;
			defaultConfigurationName = Release;
		};
		5F4E29922B34CD7F00C3889B /* Build configuration list for PBXNativeTarget "Day 6" */ = {
			isa = XCConfigurationList;
			buildConfigurations = (
				5F4E29932B34CD7F00C3889B /* Debug */,
				5F4E29942B34CD7F00C3889B /* Release */,
			);
			defaultConfigurationIsVisible = 0;
			defaultConfigurationName = Release;
		};
		5F4E299D2B34CD8C00C3889B /* Build configuration list for PBXNativeTarget "Day 6 Tests" */ = {
			isa = XCConfigurationList;
			buildConfigurations = (
				5F4E299E2B34CD8C00C3889B /* Debug */,
				5F4E299F2B34CD8C00C3889B /* Release */,
			);
			defaultConfigurationIsVisible = 0;
			defaultConfigurationName = Release;
		};
/* End XCConfigurationList section */
	};
	rootObject = 5F4E29832B34CD7F00C3889B /* Project object */;
}
