// !$*UTF8*$!
{
	archiveVersion = 1;
	classes = {
	};
	objectVersion = 56;
	objects = {

/* Begin PBXBuildFile section */
		5F91F8602B336B5D0009256B /* main.swift in Sources */ = {isa = PBXBuildFile; fileRef = 5F91F85F2B336B5D0009256B /* main.swift */; };
		5F91F8672B336B760009256B /* Map.swift in Sources */ = {isa = PBXBuildFile; fileRef = 5F91F8662B336B760009256B /* Map.swift */; };
		5F91F8752B336B9D0009256B /* MapTests.swift in Sources */ = {isa = PBXBuildFile; fileRef = 5F91F8742B336B9D0009256B /* MapTests.swift */; };
		5F91F8772B336D040009256B /* Data.swift in Sources */ = {isa = PBXBuildFile; fileRef = 5F91F8762B336D040009256B /* Data.swift */; };
		5F91F8792B336D0E0009256B /* DataTests.swift in Sources */ = {isa = PBXBuildFile; fileRef = 5F91F8782B336D0E0009256B /* DataTests.swift */; };
		5F91F87A2B336EB70009256B /* Data.swift in Sources */ = {isa = PBXBuildFile; fileRef = 5F91F8762B336D040009256B /* Data.swift */; };
		5F91F87B2B3373D30009256B /* Map.swift in Sources */ = {isa = PBXBuildFile; fileRef = 5F91F8662B336B760009256B /* Map.swift */; };
		5F91F87D2B3374C00009256B /* Range.swift in Sources */ = {isa = PBXBuildFile; fileRef = 5F91F87C2B3374C00009256B /* Range.swift */; };
		5F91F87E2B3374C20009256B /* Range.swift in Sources */ = {isa = PBXBuildFile; fileRef = 5F91F87C2B3374C00009256B /* Range.swift */; };
		5F91F8802B33827A0009256B /* RangeTests.swift in Sources */ = {isa = PBXBuildFile; fileRef = 5F91F87F2B33827A0009256B /* RangeTests.swift */; };
/* End PBXBuildFile section */

/* Begin PBXCopyFilesBuildPhase section */
		5F91F85A2B336B5D0009256B /* CopyFiles */ = {
			isa = PBXCopyFilesBuildPhase;
			buildActionMask = 2147483647;
			dstPath = /usr/share/man/man1/;
			dstSubfolderSpec = 0;
			files = (
			);
			runOnlyForDeploymentPostprocessing = 1;
		};
/* End PBXCopyFilesBuildPhase section */

/* Begin PBXFileReference section */
		5F91F85C2B336B5D0009256B /* Day 5 */ = {isa = PBXFileReference; explicitFileType = "compiled.mach-o.executable"; includeInIndex = 0; path = "Day 5"; sourceTree = BUILT_PRODUCTS_DIR; };
		5F91F85F2B336B5D0009256B /* main.swift */ = {isa = PBXFileReference; lastKnownFileType = sourcecode.swift; path = main.swift; sourceTree = "<group>"; };
		5F91F8662B336B760009256B /* Map.swift */ = {isa = PBXFileReference; lastKnownFileType = sourcecode.swift; path = Map.swift; sourceTree = "<group>"; };
		5F91F86C2B336B850009256B /* Day 5 Tests.xctest */ = {isa = PBXFileReference; explicitFileType = wrapper.cfbundle; includeInIndex = 0; path = "Day 5 Tests.xctest"; sourceTree = BUILT_PRODUCTS_DIR; };
		5F91F8742B336B9D0009256B /* MapTests.swift */ = {isa = PBXFileReference; lastKnownFileType = sourcecode.swift; path = MapTests.swift; sourceTree = "<group>"; };
		5F91F8762B336D040009256B /* Data.swift */ = {isa = PBXFileReference; lastKnownFileType = sourcecode.swift; path = Data.swift; sourceTree = "<group>"; };
		5F91F8782B336D0E0009256B /* DataTests.swift */ = {isa = PBXFileReference; lastKnownFileType = sourcecode.swift; path = DataTests.swift; sourceTree = "<group>"; };
		5F91F87C2B3374C00009256B /* Range.swift */ = {isa = PBXFileReference; lastKnownFileType = sourcecode.swift; path = Range.swift; sourceTree = "<group>"; };
		5F91F87F2B33827A0009256B /* RangeTests.swift */ = {isa = PBXFileReference; lastKnownFileType = sourcecode.swift; name = RangeTests.swift; path = "Day 5 Tests/RangeTests.swift"; sourceTree = "<group>"; };
/* End PBXFileReference section */

/* Begin PBXFrameworksBuildPhase section */
		5F91F8592B336B5D0009256B /* Frameworks */ = {
			isa = PBXFrameworksBuildPhase;
			buildActionMask = 2147483647;
			files = (
			);
			runOnlyForDeploymentPostprocessing = 0;
		};
		5F91F8692B336B850009256B /* Frameworks */ = {
			isa = PBXFrameworksBuildPhase;
			buildActionMask = 2147483647;
			files = (
			);
			runOnlyForDeploymentPostprocessing = 0;
		};
/* End PBXFrameworksBuildPhase section */

/* Begin PBXGroup section */
		5F91F8532B336B5D0009256B = {
			isa = PBXGroup;
			children = (
				5F91F87F2B33827A0009256B /* RangeTests.swift */,
				5F91F85E2B336B5D0009256B /* Day 5 */,
				5F91F86D2B336B850009256B /* Day 5 Tests */,
				5F91F85D2B336B5D0009256B /* Products */,
			);
			sourceTree = "<group>";
		};
		5F91F85D2B336B5D0009256B /* Products */ = {
			isa = PBXGroup;
			children = (
				5F91F85C2B336B5D0009256B /* Day 5 */,
				5F91F86C2B336B850009256B /* Day 5 Tests.xctest */,
			);
			name = Products;
			sourceTree = "<group>";
		};
		5F91F85E2B336B5D0009256B /* Day 5 */ = {
			isa = PBXGroup;
			children = (
				5F91F87C2B3374C00009256B /* Range.swift */,
				5F91F85F2B336B5D0009256B /* main.swift */,
				5F91F8662B336B760009256B /* Map.swift */,
				5F91F8762B336D040009256B /* Data.swift */,
			);
			path = "Day 5";
			sourceTree = "<group>";
		};
		5F91F86D2B336B850009256B /* Day 5 Tests */ = {
			isa = PBXGroup;
			children = (
				5F91F8742B336B9D0009256B /* MapTests.swift */,
				5F91F8782B336D0E0009256B /* DataTests.swift */,
			);
			path = "Day 5 Tests";
			sourceTree = "<group>";
		};
/* End PBXGroup section */

/* Begin PBXNativeTarget section */
		5F91F85B2B336B5D0009256B /* Day 5 */ = {
			isa = PBXNativeTarget;
			buildConfigurationList = 5F91F8632B336B5D0009256B /* Build configuration list for PBXNativeTarget "Day 5" */;
			buildPhases = (
				5F91F8582B336B5D0009256B /* Sources */,
				5F91F8592B336B5D0009256B /* Frameworks */,
				5F91F85A2B336B5D0009256B /* CopyFiles */,
			);
			buildRules = (
			);
			dependencies = (
			);
			name = "Day 5";
			productName = "Day 5";
			productReference = 5F91F85C2B336B5D0009256B /* Day 5 */;
			productType = "com.apple.product-type.tool";
		};
		5F91F86B2B336B850009256B /* Day 5 Tests */ = {
			isa = PBXNativeTarget;
			buildConfigurationList = 5F91F8702B336B850009256B /* Build configuration list for PBXNativeTarget "Day 5 Tests" */;
			buildPhases = (
				5F91F8682B336B850009256B /* Sources */,
				5F91F8692B336B850009256B /* Frameworks */,
				5F91F86A2B336B850009256B /* Resources */,
			);
			buildRules = (
			);
			dependencies = (
			);
			name = "Day 5 Tests";
			productName = "Day 5 Tests";
			productReference = 5F91F86C2B336B850009256B /* Day 5 Tests.xctest */;
			productType = "com.apple.product-type.bundle.unit-test";
		};
/* End PBXNativeTarget section */

/* Begin PBXProject section */
		5F91F8542B336B5D0009256B /* Project object */ = {
			isa = PBXProject;
			attributes = {
				BuildIndependentTargetsInParallel = 1;
				LastSwiftUpdateCheck = 1510;
				LastUpgradeCheck = 1510;
				TargetAttributes = {
					5F91F85B2B336B5D0009256B = {
						CreatedOnToolsVersion = 15.1;
					};
					5F91F86B2B336B850009256B = {
						CreatedOnToolsVersion = 15.1;
						LastSwiftMigration = 1510;
					};
				};
			};
			buildConfigurationList = 5F91F8572B336B5D0009256B /* Build configuration list for PBXProject "Day 5" */;
			compatibilityVersion = "Xcode 14.0";
			developmentRegion = en;
			hasScannedForEncodings = 0;
			knownRegions = (
				en,
				Base,
			);
			mainGroup = 5F91F8532B336B5D0009256B;
			productRefGroup = 5F91F85D2B336B5D0009256B /* Products */;
			projectDirPath = "";
			projectRoot = "";
			targets = (
				5F91F85B2B336B5D0009256B /* Day 5 */,
				5F91F86B2B336B850009256B /* Day 5 Tests */,
			);
		};
/* End PBXProject section */

/* Begin PBXResourcesBuildPhase section */
		5F91F86A2B336B850009256B /* Resources */ = {
			isa = PBXResourcesBuildPhase;
			buildActionMask = 2147483647;
			files = (
			);
			runOnlyForDeploymentPostprocessing = 0;
		};
/* End PBXResourcesBuildPhase section */

/* Begin PBXSourcesBuildPhase section */
		5F91F8582B336B5D0009256B /* Sources */ = {
			isa = PBXSourcesBuildPhase;
			buildActionMask = 2147483647;
			files = (
				5F91F8672B336B760009256B /* Map.swift in Sources */,
				5F91F8602B336B5D0009256B /* main.swift in Sources */,
				5F91F8772B336D040009256B /* Data.swift in Sources */,
				5F91F87E2B3374C20009256B /* Range.swift in Sources */,
			);
			runOnlyForDeploymentPostprocessing = 0;
		};
		5F91F8682B336B850009256B /* Sources */ = {
			isa = PBXSourcesBuildPhase;
			buildActionMask = 2147483647;
			files = (
				5F91F8792B336D0E0009256B /* DataTests.swift in Sources */,
				5F91F8752B336B9D0009256B /* MapTests.swift in Sources */,
				5F91F87B2B3373D30009256B /* Map.swift in Sources */,
				5F91F8802B33827A0009256B /* RangeTests.swift in Sources */,
				5F91F87A2B336EB70009256B /* Data.swift in Sources */,
				5F91F87D2B3374C00009256B /* Range.swift in Sources */,
			);
			runOnlyForDeploymentPostprocessing = 0;
		};
/* End PBXSourcesBuildPhase section */

/* Begin XCBuildConfiguration section */
		5F91F8612B336B5D0009256B /* Debug */ = {
			isa = XCBuildConfiguration;
			buildSettings = {
				ALWAYS_SEARCH_USER_PATHS = NO;
				ASSETCATALOG_COMPILER_GENERATE_SWIFT_ASSET_SYMBOL_EXTENSIONS = YES;
				CLANG_ANALYZER_NONNULL = YES;
				CLANG_ANALYZER_NUMBER_OBJECT_CONVERSION = YES_AGGRESSIVE;
				CLANG_CXX_LANGUAGE_STANDARD = "gnu++20";
				CLANG_ENABLE_MODULES = YES;
				CLANG_ENABLE_OBJC_ARC = YES;
				CLANG_ENABLE_OBJC_WEAK = YES;
				CLANG_WARN_BLOCK_CAPTURE_AUTORELEASING = YES;
				CLANG_WARN_BOOL_CONVERSION = YES;
				CLANG_WARN_COMMA = YES;
				CLANG_WARN_CONSTANT_CONVERSION = YES;
				CLANG_WARN_DEPRECATED_OBJC_IMPLEMENTATIONS = YES;
				CLANG_WARN_DIRECT_OBJC_ISA_USAGE = YES_ERROR;
				CLANG_WARN_DOCUMENTATION_COMMENTS = YES;
				CLANG_WARN_EMPTY_BODY = YES;
				CLANG_WARN_ENUM_CONVERSION = YES;
				CLANG_WARN_INFINITE_RECURSION = YES;
				CLANG_WARN_INT_CONVERSION = YES;
				CLANG_WARN_NON_LITERAL_NULL_CONVERSION = YES;
				CLANG_WARN_OBJC_IMPLICIT_RETAIN_SELF = YES;
				CLANG_WARN_OBJC_LITERAL_CONVERSION = YES;
				CLANG_WARN_OBJC_ROOT_CLASS = YES_ERROR;
				CLANG_WARN_QUOTED_INCLUDE_IN_FRAMEWORK_HEADER = YES;
				CLANG_WARN_RANGE_LOOP_ANALYSIS = YES;
				CLANG_WARN_STRICT_PROTOTYPES = YES;
				CLANG_WARN_SUSPICIOUS_MOVE = YES;
				CLANG_WARN_UNGUARDED_AVAILABILITY = YES_AGGRESSIVE;
				CLANG_WARN_UNREACHABLE_CODE = YES;
				CLANG_WARN__DUPLICATE_METHOD_MATCH = YES;
				COPY_PHASE_STRIP = NO;
				DEBUG_INFORMATION_FORMAT = dwarf;
				ENABLE_STRICT_OBJC_MSGSEND = YES;
				ENABLE_TESTABILITY = YES;
				ENABLE_USER_SCRIPT_SANDBOXING = YES;
				GCC_C_LANGUAGE_STANDARD = gnu17;
				GCC_DYNAMIC_NO_PIC = NO;
				GCC_NO_COMMON_BLOCKS = YES;
				GCC_OPTIMIZATION_LEVEL = 0;
				GCC_PREPROCESSOR_DEFINITIONS = (
					"DEBUG=1",
					"$(inherited)",
				);
				GCC_WARN_64_TO_32_BIT_CONVERSION = YES;
				GCC_WARN_ABOUT_RETURN_TYPE = YES_ERROR;
				GCC_WARN_UNDECLARED_SELECTOR = YES;
				GCC_WARN_UNINITIALIZED_AUTOS = YES_AGGRESSIVE;
				GCC_WARN_UNUSED_FUNCTION = YES;
				GCC_WARN_UNUSED_VARIABLE = YES;
				LOCALIZATION_PREFERS_STRING_CATALOGS = YES;
				MACOSX_DEPLOYMENT_TARGET = 14.2;
				MTL_ENABLE_DEBUG_INFO = INCLUDE_SOURCE;
				MTL_FAST_MATH = YES;
				ONLY_ACTIVE_ARCH = YES;
				SDKROOT = macosx;
				SWIFT_ACTIVE_COMPILATION_CONDITIONS = "DEBUG $(inherited)";
				SWIFT_OPTIMIZATION_LEVEL = "-Onone";
			};
			name = Debug;
		};
		5F91F8622B336B5D0009256B /* Release */ = {
			isa = XCBuildConfiguration;
			buildSettings = {
				ALWAYS_SEARCH_USER_PATHS = NO;
				ASSETCATALOG_COMPILER_GENERATE_SWIFT_ASSET_SYMBOL_EXTENSIONS = YES;
				CLANG_ANALYZER_NONNULL = YES;
				CLANG_ANALYZER_NUMBER_OBJECT_CONVERSION = YES_AGGRESSIVE;
				CLANG_CXX_LANGUAGE_STANDARD = "gnu++20";
				CLANG_ENABLE_MODULES = YES;
				CLANG_ENABLE_OBJC_ARC = YES;
				CLANG_ENABLE_OBJC_WEAK = YES;
				CLANG_WARN_BLOCK_CAPTURE_AUTORELEASING = YES;
				CLANG_WARN_BOOL_CONVERSION = YES;
				CLANG_WARN_COMMA = YES;
				CLANG_WARN_CONSTANT_CONVERSION = YES;
				CLANG_WARN_DEPRECATED_OBJC_IMPLEMENTATIONS = YES;
				CLANG_WARN_DIRECT_OBJC_ISA_USAGE = YES_ERROR;
				CLANG_WARN_DOCUMENTATION_COMMENTS = YES;
				CLANG_WARN_EMPTY_BODY = YES;
				CLANG_WARN_ENUM_CONVERSION = YES;
				CLANG_WARN_INFINITE_RECURSION = YES;
				CLANG_WARN_INT_CONVERSION = YES;
				CLANG_WARN_NON_LITERAL_NULL_CONVERSION = YES;
				CLANG_WARN_OBJC_IMPLICIT_RETAIN_SELF = YES;
				CLANG_WARN_OBJC_LITERAL_CONVERSION = YES;
				CLANG_WARN_OBJC_ROOT_CLASS = YES_ERROR;
				CLANG_WARN_QUOTED_INCLUDE_IN_FRAMEWORK_HEADER = YES;
				CLANG_WARN_RANGE_LOOP_ANALYSIS = YES;
				CLANG_WARN_STRICT_PROTOTYPES = YES;
				CLANG_WARN_SUSPICIOUS_MOVE = YES;
				CLANG_WARN_UNGUARDED_AVAILABILITY = YES_AGGRESSIVE;
				CLANG_WARN_UNREACHABLE_CODE = YES;
				CLANG_WARN__DUPLICATE_METHOD_MATCH = YES;
				COPY_PHASE_STRIP = NO;
				DEBUG_INFORMATION_FORMAT = "dwarf-with-dsym";
				ENABLE_NS_ASSERTIONS = NO;
				ENABLE_STRICT_OBJC_MSGSEND = YES;
				ENABLE_USER_SCRIPT_SANDBOXING = YES;
				GCC_C_LANGUAGE_STANDARD = gnu17;
				GCC_NO_COMMON_BLOCKS = YES;
				GCC_WARN_64_TO_32_BIT_CONVERSION = YES;
				GCC_WARN_ABOUT_RETURN_TYPE = YES_ERROR;
				GCC_WARN_UNDECLARED_SELECTOR = YES;
				GCC_WARN_UNINITIALIZED_AUTOS = YES_AGGRESSIVE;
				GCC_WARN_UNUSED_FUNCTION = YES;
				GCC_WARN_UNUSED_VARIABLE = YES;
				LOCALIZATION_PREFERS_STRING_CATALOGS = YES;
				MACOSX_DEPLOYMENT_TARGET = 14.2;
				MTL_ENABLE_DEBUG_INFO = NO;
				MTL_FAST_MATH = YES;
				SDKROOT = macosx;
				SWIFT_COMPILATION_MODE = wholemodule;
			};
			name = Release;
		};
		5F91F8642B336B5D0009256B /* Debug */ = {
			isa = XCBuildConfiguration;
			buildSettings = {
				CODE_SIGN_STYLE = Automatic;
				DEVELOPMENT_TEAM = JCPU77PBZS;
				ENABLE_HARDENED_RUNTIME = YES;
				PRODUCT_NAME = "$(TARGET_NAME)";
				SWIFT_VERSION = 5.0;
			};
			name = Debug;
		};
		5F91F8652B336B5D0009256B /* Release */ = {
			isa = XCBuildConfiguration;
			buildSettings = {
				CODE_SIGN_STYLE = Automatic;
				DEVELOPMENT_TEAM = JCPU77PBZS;
				ENABLE_HARDENED_RUNTIME = YES;
				PRODUCT_NAME = "$(TARGET_NAME)";
				SWIFT_VERSION = 5.0;
			};
			name = Release;
		};
		5F91F8712B336B850009256B /* Debug */ = {
			isa = XCBuildConfiguration;
			buildSettings = {
				CLANG_ENABLE_MODULES = YES;
				CODE_SIGN_STYLE = Automatic;
				CURRENT_PROJECT_VERSION = 1;
				DEVELOPMENT_TEAM = JCPU77PBZS;
				GENERATE_INFOPLIST_FILE = YES;
				MARKETING_VERSION = 1.0;
				PRODUCT_BUNDLE_IDENTIFIER = "me.chucker.aoc23.Day-5-Tests";
				PRODUCT_NAME = "$(TARGET_NAME)";
				SWIFT_EMIT_LOC_STRINGS = NO;
				SWIFT_OPTIMIZATION_LEVEL = "-Onone";
				SWIFT_VERSION = 5.0;
			};
			name = Debug;
		};
		5F91F8722B336B850009256B /* Release */ = {
			isa = XCBuildConfiguration;
			buildSettings = {
				CLANG_ENABLE_MODULES = YES;
				CODE_SIGN_STYLE = Automatic;
				CURRENT_PROJECT_VERSION = 1;
				DEVELOPMENT_TEAM = JCPU77PBZS;
				GENERATE_INFOPLIST_FILE = YES;
				MARKETING_VERSION = 1.0;
				PRODUCT_BUNDLE_IDENTIFIER = "me.chucker.aoc23.Day-5-Tests";
				PRODUCT_NAME = "$(TARGET_NAME)";
				SWIFT_EMIT_LOC_STRINGS = NO;
				SWIFT_VERSION = 5.0;
			};
			name = Release;
		};
/* End XCBuildConfiguration section */

/* Begin XCConfigurationList section */
		5F91F8572B336B5D0009256B /* Build configuration list for PBXProject "Day 5" */ = {
			isa = XCConfigurationList;
			buildConfigurations = (
				5F91F8612B336B5D0009256B /* Debug */,
				5F91F8622B336B5D0009256B /* Release */,
			);
			defaultConfigurationIsVisible = 0;
			defaultConfigurationName = Release;
		};
		5F91F8632B336B5D0009256B /* Build configuration list for PBXNativeTarget "Day 5" */ = {
			isa = XCConfigurationList;
			buildConfigurations = (
				5F91F8642B336B5D0009256B /* Debug */,
				5F91F8652B336B5D0009256B /* Release */,
			);
			defaultConfigurationIsVisible = 0;
			defaultConfigurationName = Release;
		};
		5F91F8702B336B850009256B /* Build configuration list for PBXNativeTarget "Day 5 Tests" */ = {
			isa = XCConfigurationList;
			buildConfigurations = (
				5F91F8712B336B850009256B /* Debug */,
				5F91F8722B336B850009256B /* Release */,
			);
			defaultConfigurationIsVisible = 0;
			defaultConfigurationName = Release;
		};
/* End XCConfigurationList section */
	};
	rootObject = 5F91F8542B336B5D0009256B /* Project object */;
}
